
Microsoft Visual Studio Solution File, Format Version 12.00
# Visual Studio Version 17
VisualStudioVersion = 17.5.33424.131
MinimumVisualStudioVersion = 10.0.40219.1
Project("{FAE04EC0-301F-11D3-BF4B-00C04F79EFBC}") = "ProjectEulerProblem025", "ProjectEulerProblem025.csproj", "{2B6C029F-1DE1-49D3-BE89-B5D9C329DDB3}"
EndProject
Global
	GlobalSection(SolutionConfigurationPlatforms) = preSolution
		Debug|Any CPU = Debug|Any CPU
		Release|Any CPU = Release|Any CPU
	EndGlobalSection
	GlobalSection(ProjectConfigurationPlatforms) = postSolution
		{2B6C029F-1DE1-49D3-BE89-B5D9C329DDB3}.Debug|Any CPU.ActiveCfg = Debug|Any CPU
		{2B6C029F-1DE1-49D3-BE89-B5D9C329DDB3}.Debug|Any CPU.Build.0 = Debug|Any CPU
		{2B6C029F-1DE1-49D3-BE89-B5D9C329DDB3}.Release|Any CPU.ActiveCfg = Release|Any CPU
		{2B6C029F-1DE1-49D3-BE89-B5D9C329DDB3}.Release|Any CPU.Build.0 = Release|Any CPU
	EndGlobalSection
	GlobalSection(SolutionProperties) = preSolution
		HideSolutionNode = FALSE
	EndGlobalSection
	GlobalSection(ExtensibilityGlobals) = postSolution
		SolutionGuid = {646E5C9C-0FCC-46E2-96FD-E135BDA24FB5}
	EndGlobalSection
EndGlobal
