
Microsoft Visual Studio Solution File, Format Version 12.00
# Visual Studio Version 17
VisualStudioVersion = 17.5.33424.131
MinimumVisualStudioVersion = 10.0.40219.1
Project("{FAE04EC0-301F-11D3-BF4B-00C04F79EFBC}") = "ProjectEulerProblem023", "ProjectEulerProblem023.csproj", "{682A8A20-419F-474C-AEA3-C32A5E8A8DB6}"
EndProject
Global
	GlobalSection(SolutionConfigurationPlatforms) = preSolution
		Debug|Any CPU = Debug|Any CPU
		Release|Any CPU = Release|Any CPU
	EndGlobalSection
	GlobalSection(ProjectConfigurationPlatforms) = postSolution
		{682A8A20-419F-474C-AEA3-C32A5E8A8DB6}.Debug|Any CPU.ActiveCfg = Debug|Any CPU
		{682A8A20-419F-474C-AEA3-C32A5E8A8DB6}.Debug|Any CPU.Build.0 = Debug|Any CPU
		{682A8A20-419F-474C-AEA3-C32A5E8A8DB6}.Release|Any CPU.ActiveCfg = Release|Any CPU
		{682A8A20-419F-474C-AEA3-C32A5E8A8DB6}.Release|Any CPU.Build.0 = Release|Any CPU
	EndGlobalSection
	GlobalSection(SolutionProperties) = preSolution
		HideSolutionNode = FALSE
	EndGlobalSection
	GlobalSection(ExtensibilityGlobals) = postSolution
		SolutionGuid = {DD3FB1FB-BF33-4684-A0EC-387AA0138B83}
	EndGlobalSection
EndGlobal
