
Microsoft Visual Studio Solution File, Format Version 12.00
# Visual Studio Version 17
VisualStudioVersion = 17.5.33424.131
MinimumVisualStudioVersion = 10.0.40219.1
Project("{FAE04EC0-301F-11D3-BF4B-00C04F79EFBC}") = "ProjectEulerProblem019", "ProjectEulerProblem019.csproj", "{72093EEA-D30D-4549-A2B9-5FBDC859D60E}"
EndProject
Global
	GlobalSection(SolutionConfigurationPlatforms) = preSolution
		Debug|Any CPU = Debug|Any CPU
		Release|Any CPU = Release|Any CPU
	EndGlobalSection
	GlobalSection(ProjectConfigurationPlatforms) = postSolution
		{72093EEA-D30D-4549-A2B9-5FBDC859D60E}.Debug|Any CPU.ActiveCfg = Debug|Any CPU
		{72093EEA-D30D-4549-A2B9-5FBDC859D60E}.Debug|Any CPU.Build.0 = Debug|Any CPU
		{72093EEA-D30D-4549-A2B9-5FBDC859D60E}.Release|Any CPU.ActiveCfg = Release|Any CPU
		{72093EEA-D30D-4549-A2B9-5FBDC859D60E}.Release|Any CPU.Build.0 = Release|Any CPU
	EndGlobalSection
	GlobalSection(SolutionProperties) = preSolution
		HideSolutionNode = FALSE
	EndGlobalSection
	GlobalSection(ExtensibilityGlobals) = postSolution
		SolutionGuid = {C4B7443E-C6D2-4DA0-BF8F-BCCA48B73B1C}
	EndGlobalSection
EndGlobal
